// !$*UTF8*$!
{
	archiveVersion = 1;
	classes = {
	};
	objectVersion = 50;
	objects = {

/* Begin PBXBuildFile section */
		459794F123C51E0900B810FB /* DetailView.swift in Sources */ = {isa = PBXBuildFile; fileRef = 459794F023C51E0900B810FB /* DetailView.swift */; };
		45C5259E23C3A0C3002EE6D7 /* AppDelegate.swift in Sources */ = {isa = PBXBuildFile; fileRef = 45C5259D23C3A0C3002EE6D7 /* AppDelegate.swift */; };
		45C525A023C3A0C3002EE6D7 /* SceneDelegate.swift in Sources */ = {isa = PBXBuildFile; fileRef = 45C5259F23C3A0C3002EE6D7 /* SceneDelegate.swift */; };
		45C525A223C3A0C3002EE6D7 /* ContentView.swift in Sources */ = {isa = PBXBuildFile; fileRef = 45C525A123C3A0C3002EE6D7 /* ContentView.swift */; };
		45C525A423C3A0C7002EE6D7 /* Assets.xcassets in Resources */ = {isa = PBXBuildFile; fileRef = 45C525A323C3A0C7002EE6D7 /* Assets.xcassets */; };
		45C525A723C3A0C7002EE6D7 /* Preview Assets.xcassets in Resources */ = {isa = PBXBuildFile; fileRef = 45C525A623C3A0C7002EE6D7 /* Preview Assets.xcassets */; };
		45C525AA23C3A0C7002EE6D7 /* LaunchScreen.storyboard in Resources */ = {isa = PBXBuildFile; fileRef = 45C525A823C3A0C7002EE6D7 /* LaunchScreen.storyboard */; };
		45C525B523C3A0C7002EE6D7 /* Chapter4_ContactsAppTests.swift in Sources */ = {isa = PBXBuildFile; fileRef = 45C525B423C3A0C7002EE6D7 /* Chapter4_ContactsAppTests.swift */; };
		45C525C023C3A0C7002EE6D7 /* Chapter4_ContactsAppUITests.swift in Sources */ = {isa = PBXBuildFile; fileRef = 45C525BF23C3A0C7002EE6D7 /* Chapter4_ContactsAppUITests.swift */; };
		45C525CE23C3A59D002EE6D7 /* Contact.swift in Sources */ = {isa = PBXBuildFile; fileRef = 45C525CD23C3A59D002EE6D7 /* Contact.swift */; };
/* End PBXBuildFile section */

/* Begin PBXContainerItemProxy section */
		45C525B123C3A0C7002EE6D7 /* PBXContainerItemProxy */ = {
			isa = PBXContainerItemProxy;
			containerPortal = 45C5259223C3A0C3002EE6D7 /* Project object */;
			proxyType = 1;
			remoteGlobalIDString = 45C5259923C3A0C3002EE6D7;
			remoteInfo = Chapter4_ContactsApp;
		};
		45C525BC23C3A0C7002EE6D7 /* PBXContainerItemProxy */ = {
			isa = PBXContainerItemProxy;
			containerPortal = 45C5259223C3A0C3002EE6D7 /* Project object */;
			proxyType = 1;
			remoteGlobalIDString = 45C5259923C3A0C3002EE6D7;
			remoteInfo = Chapter4_ContactsApp;
		};
/* End PBXContainerItemProxy section */

/* Begin PBXFileReference section */
		459794F023C51E0900B810FB /* DetailView.swift */ = {isa = PBXFileReference; lastKnownFileType = sourcecode.swift; path = DetailView.swift; sourceTree = "<group>"; };
		45C5259A23C3A0C3002EE6D7 /* Chapter4_ContactsApp.app */ = {isa = PBXFileReference; explicitFileType = wrapper.application; includeInIndex = 0; path = Chapter4_ContactsApp.app; sourceTree = BUILT_PRODUCTS_DIR; };
		45C5259D23C3A0C3002EE6D7 /* AppDelegate.swift */ = {isa = PBXFileReference; lastKnownFileType = sourcecode.swift; path = AppDelegate.swift; sourceTree = "<group>"; };
		45C5259F23C3A0C3002EE6D7 /* SceneDelegate.swift */ = {isa = PBXFileReference; lastKnownFileType = sourcecode.swift; path = SceneDelegate.swift; sourceTree = "<group>"; };
		45C525A123C3A0C3002EE6D7 /* ContentView.swift */ = {isa = PBXFileReference; lastKnownFileType = sourcecode.swift; path = ContentView.swift; sourceTree = "<group>"; };
		45C525A323C3A0C7002EE6D7 /* Assets.xcassets */ = {isa = PBXFileReference; lastKnownFileType = folder.assetcatalog; path = Assets.xcassets; sourceTree = "<group>"; };
		45C525A623C3A0C7002EE6D7 /* Preview Assets.xcassets */ = {isa = PBXFileReference; lastKnownFileType = folder.assetcatalog; path = "Preview Assets.xcassets"; sourceTree = "<group>"; };
		45C525A923C3A0C7002EE6D7 /* Base */ = {isa = PBXFileReference; lastKnownFileType = file.storyboard; name = Base; path = Base.lproj/LaunchScreen.storyboard; sourceTree = "<group>"; };
		45C525AB23C3A0C7002EE6D7 /* Info.plist */ = {isa = PBXFileReference; lastKnownFileType = text.plist.xml; path = Info.plist; sourceTree = "<group>"; };
		45C525B023C3A0C7002EE6D7 /* Chapter4_ContactsAppTests.xctest */ = {isa = PBXFileReference; explicitFileType = wrapper.cfbundle; includeInIndex = 0; path = Chapter4_ContactsAppTests.xctest; sourceTree = BUILT_PRODUCTS_DIR; };
		45C525B423C3A0C7002EE6D7 /* Chapter4_ContactsAppTests.swift */ = {isa = PBXFileReference; lastKnownFileType = sourcecode.swift; path = Chapter4_ContactsAppTests.swift; sourceTree = "<group>"; };
		45C525B623C3A0C7002EE6D7 /* Info.plist */ = {isa = PBXFileReference; lastKnownFileType = text.plist.xml; path = Info.plist; sourceTree = "<group>"; };
		45C525BB23C3A0C7002EE6D7 /* Chapter4_ContactsAppUITests.xctest */ = {isa = PBXFileReference; explicitFileType = wrapper.cfbundle; includeInIndex = 0; path = Chapter4_ContactsAppUITests.xctest; sourceTree = BUILT_PRODUCTS_DIR; };
		45C525BF23C3A0C7002EE6D7 /* Chapter4_ContactsAppUITests.swift */ = {isa = PBXFileReference; lastKnownFileType = sourcecode.swift; path = Chapter4_ContactsAppUITests.swift; sourceTree = "<group>"; };
		45C525C123C3A0C7002EE6D7 /* Info.plist */ = {isa = PBXFileReference; lastKnownFileType = text.plist.xml; path = Info.plist; sourceTree = "<group>"; };
		45C525CD23C3A59D002EE6D7 /* Contact.swift */ = {isa = PBXFileReference; lastKnownFileType = sourcecode.swift; path = Contact.swift; sourceTree = "<group>"; };
/* End PBXFileReference section */

/* Begin PBXFrameworksBuildPhase section */
		45C5259723C3A0C3002EE6D7 /* Frameworks */ = {
			isa = PBXFrameworksBuildPhase;
			buildActionMask = 2147483647;
			files = (
			);
			runOnlyForDeploymentPostprocessing = 0;
		};
		45C525AD23C3A0C7002EE6D7 /* Frameworks */ = {
			isa = PBXFrameworksBuildPhase;
			buildActionMask = 2147483647;
			files = (
			);
			runOnlyForDeploymentPostprocessing = 0;
		};
		45C525B823C3A0C7002EE6D7 /* Frameworks */ = {
			isa = PBXFrameworksBuildPhase;
			buildActionMask = 2147483647;
			files = (
			);
			runOnlyForDeploymentPostprocessing = 0;
		};
/* End PBXFrameworksBuildPhase section */

/* Begin PBXGroup section */
		45C5259123C3A0C3002EE6D7 = {
			isa = PBXGroup;
			children = (
				45C5259C23C3A0C3002EE6D7 /* Chapter4_ContactsApp */,
				45C525B323C3A0C7002EE6D7 /* Chapter4_ContactsAppTests */,
				45C525BE23C3A0C7002EE6D7 /* Chapter4_ContactsAppUITests */,
				45C5259B23C3A0C3002EE6D7 /* Products */,
			);
			sourceTree = "<group>";
		};
		45C5259B23C3A0C3002EE6D7 /* Products */ = {
			isa = PBXGroup;
			children = (
				45C5259A23C3A0C3002EE6D7 /* Chapter4_ContactsApp.app */,
				45C525B023C3A0C7002EE6D7 /* Chapter4_ContactsAppTests.xctest */,
				45C525BB23C3A0C7002EE6D7 /* Chapter4_ContactsAppUITests.xctest */,
			);
			name = Products;
			sourceTree = "<group>";
		};
		45C5259C23C3A0C3002EE6D7 /* Chapter4_ContactsApp */ = {
			isa = PBXGroup;
			children = (
				45C5259D23C3A0C3002EE6D7 /* AppDelegate.swift */,
				45C5259F23C3A0C3002EE6D7 /* SceneDelegate.swift */,
				45C525A123C3A0C3002EE6D7 /* ContentView.swift */,
				459794F023C51E0900B810FB /* DetailView.swift */,
				45C525CD23C3A59D002EE6D7 /* Contact.swift */,
				45C525A323C3A0C7002EE6D7 /* Assets.xcassets */,
				45C525A823C3A0C7002EE6D7 /* LaunchScreen.storyboard */,
				45C525AB23C3A0C7002EE6D7 /* Info.plist */,
				45C525A523C3A0C7002EE6D7 /* Preview Content */,
			);
			path = Chapter4_ContactsApp;
			sourceTree = "<group>";
		};
		45C525A523C3A0C7002EE6D7 /* Preview Content */ = {
			isa = PBXGroup;
			children = (
				45C525A623C3A0C7002EE6D7 /* Preview Assets.xcassets */,
			);
			path = "Preview Content";
			sourceTree = "<group>";
		};
		45C525B323C3A0C7002EE6D7 /* Chapter4_ContactsAppTests */ = {
			isa = PBXGroup;
			children = (
				45C525B423C3A0C7002EE6D7 /* Chapter4_ContactsAppTests.swift */,
				45C525B623C3A0C7002EE6D7 /* Info.plist */,
			);
			path = Chapter4_ContactsAppTests;
			sourceTree = "<group>";
		};
		45C525BE23C3A0C7002EE6D7 /* Chapter4_ContactsAppUITests */ = {
			isa = PBXGroup;
			children = (
				45C525BF23C3A0C7002EE6D7 /* Chapter4_ContactsAppUITests.swift */,
				45C525C123C3A0C7002EE6D7 /* Info.plist */,
			);
			path = Chapter4_ContactsAppUITests;
			sourceTree = "<group>";
		};
/* End PBXGroup section */

/* Begin PBXNativeTarget section */
		45C5259923C3A0C3002EE6D7 /* Chapter4_ContactsApp */ = {
			isa = PBXNativeTarget;
			buildConfigurationList = 45C525C423C3A0C7002EE6D7 /* Build configuration list for PBXNativeTarget "Chapter4_ContactsApp" */;
			buildPhases = (
				45C5259623C3A0C3002EE6D7 /* Sources */,
				45C5259723C3A0C3002EE6D7 /* Frameworks */,
				45C5259823C3A0C3002EE6D7 /* Resources */,
			);
			buildRules = (
			);
			dependencies = (
			);
			name = Chapter4_ContactsApp;
			productName = Chapter4_ContactsApp;
			productReference = 45C5259A23C3A0C3002EE6D7 /* Chapter4_ContactsApp.app */;
			productType = "com.apple.product-type.application";
		};
		45C525AF23C3A0C7002EE6D7 /* Chapter4_ContactsAppTests */ = {
			isa = PBXNativeTarget;
			buildConfigurationList = 45C525C723C3A0C7002EE6D7 /* Build configuration list for PBXNativeTarget "Chapter4_ContactsAppTests" */;
			buildPhases = (
				45C525AC23C3A0C7002EE6D7 /* Sources */,
				45C525AD23C3A0C7002EE6D7 /* Frameworks */,
				45C525AE23C3A0C7002EE6D7 /* Resources */,
			);
			buildRules = (
			);
			dependencies = (
				45C525B223C3A0C7002EE6D7 /* PBXTargetDependency */,
			);
			name = Chapter4_ContactsAppTests;
			productName = Chapter4_ContactsAppTests;
			productReference = 45C525B023C3A0C7002EE6D7 /* Chapter4_ContactsAppTests.xctest */;
			productType = "com.apple.product-type.bundle.unit-test";
		};
		45C525BA23C3A0C7002EE6D7 /* Chapter4_ContactsAppUITests */ = {
			isa = PBXNativeTarget;
			buildConfigurationList = 45C525CA23C3A0C7002EE6D7 /* Build configuration list for PBXNativeTarget "Chapter4_ContactsAppUITests" */;
			buildPhases = (
				45C525B723C3A0C7002EE6D7 /* Sources */,
				45C525B823C3A0C7002EE6D7 /* Frameworks */,
				45C525B923C3A0C7002EE6D7 /* Resources */,
			);
			buildRules = (
			);
			dependencies = (
				45C525BD23C3A0C7002EE6D7 /* PBXTargetDependency */,
			);
			name = Chapter4_ContactsAppUITests;
			productName = Chapter4_ContactsAppUITests;
			productReference = 45C525BB23C3A0C7002EE6D7 /* Chapter4_ContactsAppUITests.xctest */;
			productType = "com.apple.product-type.bundle.ui-testing";
		};
/* End PBXNativeTarget section */

/* Begin PBXProject section */
		45C5259223C3A0C3002EE6D7 /* Project object */ = {
			isa = PBXProject;
			attributes = {
				LastSwiftUpdateCheck = 1130;
				LastUpgradeCheck = 1130;
				ORGANIZATIONNAME = "Andreas Schultz";
				TargetAttributes = {
					45C5259923C3A0C3002EE6D7 = {
						CreatedOnToolsVersion = 11.3;
					};
					45C525AF23C3A0C7002EE6D7 = {
						CreatedOnToolsVersion = 11.3;
						TestTargetID = 45C5259923C3A0C3002EE6D7;
					};
					45C525BA23C3A0C7002EE6D7 = {
						CreatedOnToolsVersion = 11.3;
						TestTargetID = 45C5259923C3A0C3002EE6D7;
					};
				};
			};
			buildConfigurationList = 45C5259523C3A0C3002EE6D7 /* Build configuration list for PBXProject "Chapter4_ContactsApp" */;
			compatibilityVersion = "Xcode 9.3";
			developmentRegion = en;
			hasScannedForEncodings = 0;
			knownRegions = (
				en,
				Base,
			);
			mainGroup = 45C5259123C3A0C3002EE6D7;
			productRefGroup = 45C5259B23C3A0C3002EE6D7 /* Products */;
			projectDirPath = "";
			projectRoot = "";
			targets = (
				45C5259923C3A0C3002EE6D7 /* Chapter4_ContactsApp */,
				45C525AF23C3A0C7002EE6D7 /* Chapter4_ContactsAppTests */,
				45C525BA23C3A0C7002EE6D7 /* Chapter4_ContactsAppUITests */,
			);
		};
/* End PBXProject section */

/* Begin PBXResourcesBuildPhase section */
		45C5259823C3A0C3002EE6D7 /* Resources */ = {
			isa = PBXResourcesBuildPhase;
			buildActionMask = 2147483647;
			files = (
				45C525AA23C3A0C7002EE6D7 /* LaunchScreen.storyboard in Resources */,
				45C525A723C3A0C7002EE6D7 /* Preview Assets.xcassets in Resources */,
				45C525A423C3A0C7002EE6D7 /* Assets.xcassets in Resources */,
			);
			runOnlyForDeploymentPostprocessing = 0;
		};
		45C525AE23C3A0C7002EE6D7 /* Resources */ = {
			isa = PBXResourcesBuildPhase;
			buildActionMask = 2147483647;
			files = (
			);
			runOnlyForDeploymentPostprocessing = 0;
		};
		45C525B923C3A0C7002EE6D7 /* Resources */ = {
			isa = PBXResourcesBuildPhase;
			buildActionMask = 2147483647;
			files = (
			);
			runOnlyForDeploymentPostprocessing = 0;
		};
/* End PBXResourcesBuildPhase section */

/* Begin PBXSourcesBuildPhase section */
		45C5259623C3A0C3002EE6D7 /* Sources */ = {
			isa = PBXSourcesBuildPhase;
			buildActionMask = 2147483647;
			files = (
				45C525CE23C3A59D002EE6D7 /* Contact.swift in Sources */,
				45C5259E23C3A0C3002EE6D7 /* AppDelegate.swift in Sources */,
				45C525A023C3A0C3002EE6D7 /* SceneDelegate.swift in Sources */,
				459794F123C51E0900B810FB /* DetailView.swift in Sources */,
				45C525A223C3A0C3002EE6D7 /* ContentView.swift in Sources */,
			);
			runOnlyForDeploymentPostprocessing = 0;
		};
		45C525AC23C3A0C7002EE6D7 /* Sources */ = {
			isa = PBXSourcesBuildPhase;
			buildActionMask = 2147483647;
			files = (
				45C525B523C3A0C7002EE6D7 /* Chapter4_ContactsAppTests.swift in Sources */,
			);
			runOnlyForDeploymentPostprocessing = 0;
		};
		45C525B723C3A0C7002EE6D7 /* Sources */ = {
			isa = PBXSourcesBuildPhase;
			buildActionMask = 2147483647;
			files = (
				45C525C023C3A0C7002EE6D7 /* Chapter4_ContactsAppUITests.swift in Sources */,
			);
			runOnlyForDeploymentPostprocessing = 0;
		};
/* End PBXSourcesBuildPhase section */

/* Begin PBXTargetDependency section */
		45C525B223C3A0C7002EE6D7 /* PBXTargetDependency */ = {
			isa = PBXTargetDependency;
			target = 45C5259923C3A0C3002EE6D7 /* Chapter4_ContactsApp */;
			targetProxy = 45C525B123C3A0C7002EE6D7 /* PBXContainerItemProxy */;
		};
		45C525BD23C3A0C7002EE6D7 /* PBXTargetDependency */ = {
			isa = PBXTargetDependency;
			target = 45C5259923C3A0C3002EE6D7 /* Chapter4_ContactsApp */;
			targetProxy = 45C525BC23C3A0C7002EE6D7 /* PBXContainerItemProxy */;
		};
/* End PBXTargetDependency section */

/* Begin PBXVariantGroup section */
		45C525A823C3A0C7002EE6D7 /* LaunchScreen.storyboard */ = {
			isa = PBXVariantGroup;
			children = (
				45C525A923C3A0C7002EE6D7 /* Base */,
			);
			name = LaunchScreen.storyboard;
			sourceTree = "<group>";
		};
/* End PBXVariantGroup section */

/* Begin XCBuildConfiguration section */
		45C525C223C3A0C7002EE6D7 /* Debug */ = {
			isa = XCBuildConfiguration;
			buildSettings = {
				ALWAYS_SEARCH_USER_PATHS = NO;
				CLANG_ANALYZER_NONNULL = YES;
				CLANG_ANALYZER_NUMBER_OBJECT_CONVERSION = YES_AGGRESSIVE;
				CLANG_CXX_LANGUAGE_STANDARD = "gnu++14";
				CLANG_CXX_LIBRARY = "libc++";
				CLANG_ENABLE_MODULES = YES;
				CLANG_ENABLE_OBJC_ARC = YES;
				CLANG_ENABLE_OBJC_WEAK = YES;
				CLANG_WARN_BLOCK_CAPTURE_AUTORELEASING = YES;
				CLANG_WARN_BOOL_CONVERSION = YES;
				CLANG_WARN_COMMA = YES;
				CLANG_WARN_CONSTANT_CONVERSION = YES;
				CLANG_WARN_DEPRECATED_OBJC_IMPLEMENTATIONS = YES;
				CLANG_WARN_DIRECT_OBJC_ISA_USAGE = YES_ERROR;
				CLANG_WARN_DOCUMENTATION_COMMENTS = YES;
				CLANG_WARN_EMPTY_BODY = YES;
				CLANG_WARN_ENUM_CONVERSION = YES;
				CLANG_WARN_INFINITE_RECURSION = YES;
				CLANG_WARN_INT_CONVERSION = YES;
				CLANG_WARN_NON_LITERAL_NULL_CONVERSION = YES;
				CLANG_WARN_OBJC_IMPLICIT_RETAIN_SELF = YES;
				CLANG_WARN_OBJC_LITERAL_CONVERSION = YES;
				CLANG_WARN_OBJC_ROOT_CLASS = YES_ERROR;
				CLANG_WARN_RANGE_LOOP_ANALYSIS = YES;
				CLANG_WARN_STRICT_PROTOTYPES = YES;
				CLANG_WARN_SUSPICIOUS_MOVE = YES;
				CLANG_WARN_UNGUARDED_AVAILABILITY = YES_AGGRESSIVE;
				CLANG_WARN_UNREACHABLE_CODE = YES;
				CLANG_WARN__DUPLICATE_METHOD_MATCH = YES;
				COPY_PHASE_STRIP = NO;
				DEBUG_INFORMATION_FORMAT = dwarf;
				ENABLE_STRICT_OBJC_MSGSEND = YES;
				ENABLE_TESTABILITY = YES;
				GCC_C_LANGUAGE_STANDARD = gnu11;
				GCC_DYNAMIC_NO_PIC = NO;
				GCC_NO_COMMON_BLOCKS = YES;
				GCC_OPTIMIZATION_LEVEL = 0;
				GCC_PREPROCESSOR_DEFINITIONS = (
					"DEBUG=1",
					"$(inherited)",
				);
				GCC_WARN_64_TO_32_BIT_CONVERSION = YES;
				GCC_WARN_ABOUT_RETURN_TYPE = YES_ERROR;
				GCC_WARN_UNDECLARED_SELECTOR = YES;
				GCC_WARN_UNINITIALIZED_AUTOS = YES_AGGRESSIVE;
				GCC_WARN_UNUSED_FUNCTION = YES;
				GCC_WARN_UNUSED_VARIABLE = YES;
				IPHONEOS_DEPLOYMENT_TARGET = 13.2;
				MTL_ENABLE_DEBUG_INFO = INCLUDE_SOURCE;
				MTL_FAST_MATH = YES;
				ONLY_ACTIVE_ARCH = YES;
				SDKROOT = iphoneos;
				SWIFT_ACTIVE_COMPILATION_CONDITIONS = DEBUG;
				SWIFT_OPTIMIZATION_LEVEL = "-Onone";
			};
			name = Debug;
		};
		45C525C323C3A0C7002EE6D7 /* Release */ = {
			isa = XCBuildConfiguration;
			buildSettings = {
				ALWAYS_SEARCH_USER_PATHS = NO;
				CLANG_ANALYZER_NONNULL = YES;
				CLANG_ANALYZER_NUMBER_OBJECT_CONVERSION = YES_AGGRESSIVE;
				CLANG_CXX_LANGUAGE_STANDARD = "gnu++14";
				CLANG_CXX_LIBRARY = "libc++";
				CLANG_ENABLE_MODULES = YES;
				CLANG_ENABLE_OBJC_ARC = YES;
				CLANG_ENABLE_OBJC_WEAK = YES;
				CLANG_WARN_BLOCK_CAPTURE_AUTORELEASING = YES;
				CLANG_WARN_BOOL_CONVERSION = YES;
				CLANG_WARN_COMMA = YES;
				CLANG_WARN_CONSTANT_CONVERSION = YES;
				CLANG_WARN_DEPRECATED_OBJC_IMPLEMENTATIONS = YES;
				CLANG_WARN_DIRECT_OBJC_ISA_USAGE = YES_ERROR;
				CLANG_WARN_DOCUMENTATION_COMMENTS = YES;
				CLANG_WARN_EMPTY_BODY = YES;
				CLANG_WARN_ENUM_CONVERSION = YES;
				CLANG_WARN_INFINITE_RECURSION = YES;
				CLANG_WARN_INT_CONVERSION = YES;
				CLANG_WARN_NON_LITERAL_NULL_CONVERSION = YES;
				CLANG_WARN_OBJC_IMPLICIT_RETAIN_SELF = YES;
				CLANG_WARN_OBJC_LITERAL_CONVERSION = YES;
				CLANG_WARN_OBJC_ROOT_CLASS = YES_ERROR;
				CLANG_WARN_RANGE_LOOP_ANALYSIS = YES;
				CLANG_WARN_STRICT_PROTOTYPES = YES;
				CLANG_WARN_SUSPICIOUS_MOVE = YES;
				CLANG_WARN_UNGUARDED_AVAILABILITY = YES_AGGRESSIVE;
				CLANG_WARN_UNREACHABLE_CODE = YES;
				CLANG_WARN__DUPLICATE_METHOD_MATCH = YES;
				COPY_PHASE_STRIP = NO;
				DEBUG_INFORMATION_FORMAT = "dwarf-with-dsym";
				ENABLE_NS_ASSERTIONS = NO;
				ENABLE_STRICT_OBJC_MSGSEND = YES;
				GCC_C_LANGUAGE_STANDARD = gnu11;
				GCC_NO_COMMON_BLOCKS = YES;
				GCC_WARN_64_TO_32_BIT_CONVERSION = YES;
				GCC_WARN_ABOUT_RETURN_TYPE = YES_ERROR;
				GCC_WARN_UNDECLARED_SELECTOR = YES;
				GCC_WARN_UNINITIALIZED_AUTOS = YES_AGGRESSIVE;
				GCC_WARN_UNUSED_FUNCTION = YES;
				GCC_WARN_UNUSED_VARIABLE = YES;
				IPHONEOS_DEPLOYMENT_TARGET = 13.2;
				MTL_ENABLE_DEBUG_INFO = NO;
				MTL_FAST_MATH = YES;
				SDKROOT = iphoneos;
				SWIFT_COMPILATION_MODE = wholemodule;
				SWIFT_OPTIMIZATION_LEVEL = "-O";
				VALIDATE_PRODUCT = YES;
			};
			name = Release;
		};
		45C525C523C3A0C7002EE6D7 /* Debug */ = {
			isa = XCBuildConfiguration;
			buildSettings = {
				ASSETCATALOG_COMPILER_APPICON_NAME = AppIcon;
				CODE_SIGN_STYLE = Automatic;
				DEVELOPMENT_ASSET_PATHS = "\"Chapter4_ContactsApp/Preview Content\"";
				DEVELOPMENT_TEAM = Q5Q99Q7248;
				ENABLE_PREVIEWS = YES;
				INFOPLIST_FILE = Chapter4_ContactsApp/Info.plist;
				LD_RUNPATH_SEARCH_PATHS = (
					"$(inherited)",
					"@executable_path/Frameworks",
				);
				PRODUCT_BUNDLE_IDENTIFIER = "com.andreasschultz.Chapter4-ContactsApp";
				PRODUCT_NAME = "$(TARGET_NAME)";
				SWIFT_VERSION = 5.0;
				TARGETED_DEVICE_FAMILY = "1,2";
			};
			name = Debug;
		};
		45C525C623C3A0C7002EE6D7 /* Release */ = {
			isa = XCBuildConfiguration;
			buildSettings = {
				ASSETCATALOG_COMPILER_APPICON_NAME = AppIcon;
				CODE_SIGN_STYLE = Automatic;
				DEVELOPMENT_ASSET_PATHS = "\"Chapter4_ContactsApp/Preview Content\"";
				DEVELOPMENT_TEAM = Q5Q99Q7248;
				ENABLE_PREVIEWS = YES;
				INFOPLIST_FILE = Chapter4_ContactsApp/Info.plist;
				LD_RUNPATH_SEARCH_PATHS = (
					"$(inherited)",
					"@executable_path/Frameworks",
				);
				PRODUCT_BUNDLE_IDENTIFIER = "com.andreasschultz.Chapter4-ContactsApp";
				PRODUCT_NAME = "$(TARGET_NAME)";
				SWIFT_VERSION = 5.0;
				TARGETED_DEVICE_FAMILY = "1,2";
			};
			name = Release;
		};
		45C525C823C3A0C7002EE6D7 /* Debug */ = {
			isa = XCBuildConfiguration;
			buildSettings = {
				ALWAYS_EMBED_SWIFT_STANDARD_LIBRARIES = YES;
				BUNDLE_LOADER = "$(TEST_HOST)";
				CODE_SIGN_STYLE = Automatic;
				DEVELOPMENT_TEAM = Q5Q99Q7248;
				INFOPLIST_FILE = Chapter4_ContactsAppTests/Info.plist;
				IPHONEOS_DEPLOYMENT_TARGET = 13.2;
				LD_RUNPATH_SEARCH_PATHS = (
					"$(inherited)",
					"@executable_path/Frameworks",
					"@loader_path/Frameworks",
				);
				PRODUCT_BUNDLE_IDENTIFIER = "com.andreasschultz.Chapter4-ContactsAppTests";
				PRODUCT_NAME = "$(TARGET_NAME)";
				SWIFT_VERSION = 5.0;
				TARGETED_DEVICE_FAMILY = "1,2";
				TEST_HOST = "$(BUILT_PRODUCTS_DIR)/Chapter4_ContactsApp.app/Chapter4_ContactsApp";
			};
			name = Debug;
		};
		45C525C923C3A0C7002EE6D7 /* Release */ = {
			isa = XCBuildConfiguration;
			buildSettings = {
				ALWAYS_EMBED_SWIFT_STANDARD_LIBRARIES = YES;
				BUNDLE_LOADER = "$(TEST_HOST)";
				CODE_SIGN_STYLE = Automatic;
				DEVELOPMENT_TEAM = Q5Q99Q7248;
				INFOPLIST_FILE = Chapter4_ContactsAppTests/Info.plist;
				IPHONEOS_DEPLOYMENT_TARGET = 13.2;
				LD_RUNPATH_SEARCH_PATHS = (
					"$(inherited)",
					"@executable_path/Frameworks",
					"@loader_path/Frameworks",
				);
				PRODUCT_BUNDLE_IDENTIFIER = "com.andreasschultz.Chapter4-ContactsAppTests";
				PRODUCT_NAME = "$(TARGET_NAME)";
				SWIFT_VERSION = 5.0;
				TARGETED_DEVICE_FAMILY = "1,2";
				TEST_HOST = "$(BUILT_PRODUCTS_DIR)/Chapter4_ContactsApp.app/Chapter4_ContactsApp";
			};
			name = Release;
		};
		45C525CB23C3A0C7002EE6D7 /* Debug */ = {
			isa = XCBuildConfiguration;
			buildSettings = {
				ALWAYS_EMBED_SWIFT_STANDARD_LIBRARIES = YES;
				CODE_SIGN_STYLE = Automatic;
				DEVELOPMENT_TEAM = Q5Q99Q7248;
				INFOPLIST_FILE = Chapter4_ContactsAppUITests/Info.plist;
				LD_RUNPATH_SEARCH_PATHS = (
					"$(inherited)",
					"@executable_path/Frameworks",
					"@loader_path/Frameworks",
				);
				PRODUCT_BUNDLE_IDENTIFIER = "com.andreasschultz.Chapter4-ContactsAppUITests";
				PRODUCT_NAME = "$(TARGET_NAME)";
				SWIFT_VERSION = 5.0;
				TARGETED_DEVICE_FAMILY = "1,2";
				TEST_TARGET_NAME = Chapter4_ContactsApp;
			};
			name = Debug;
		};
		45C525CC23C3A0C7002EE6D7 /* Release */ = {
			isa = XCBuildConfiguration;
			buildSettings = {
				ALWAYS_EMBED_SWIFT_STANDARD_LIBRARIES = YES;
				CODE_SIGN_STYLE = Automatic;
				DEVELOPMENT_TEAM = Q5Q99Q7248;
				INFOPLIST_FILE = Chapter4_ContactsAppUITests/Info.plist;
				LD_RUNPATH_SEARCH_PATHS = (
					"$(inherited)",
					"@executable_path/Frameworks",
					"@loader_path/Frameworks",
				);
				PRODUCT_BUNDLE_IDENTIFIER = "com.andreasschultz.Chapter4-ContactsAppUITests";
				PRODUCT_NAME = "$(TARGET_NAME)";
				SWIFT_VERSION = 5.0;
				TARGETED_DEVICE_FAMILY = "1,2";
				TEST_TARGET_NAME = Chapter4_ContactsApp;
			};
			name = Release;
		};
/* End XCBuildConfiguration section */

/* Begin XCConfigurationList section */
		45C5259523C3A0C3002EE6D7 /* Build configuration list for PBXProject "Chapter4_ContactsApp" */ = {
			isa = XCConfigurationList;
			buildConfigurations = (
				45C525C223C3A0C7002EE6D7 /* Debug */,
				45C525C323C3A0C7002EE6D7 /* Release */,
			);
			defaultConfigurationIsVisible = 0;
			defaultConfigurationName = Release;
		};
		45C525C423C3A0C7002EE6D7 /* Build configuration list for PBXNativeTarget "Chapter4_ContactsApp" */ = {
			isa = XCConfigurationList;
			buildConfigurations = (
				45C525C523C3A0C7002EE6D7 /* Debug */,
				45C525C623C3A0C7002EE6D7 /* Release */,
			);
			defaultConfigurationIsVisible = 0;
			defaultConfigurationName = Release;
		};
		45C525C723C3A0C7002EE6D7 /* Build configuration list for PBXNativeTarget "Chapter4_ContactsAppTests" */ = {
			isa = XCConfigurationList;
			buildConfigurations = (
				45C525C823C3A0C7002EE6D7 /* Debug */,
				45C525C923C3A0C7002EE6D7 /* Release */,
			);
			defaultConfigurationIsVisible = 0;
			defaultConfigurationName = Release;
		};
		45C525CA23C3A0C7002EE6D7 /* Build configuration list for PBXNativeTarget "Chapter4_ContactsAppUITests" */ = {
			isa = XCConfigurationList;
			buildConfigurations = (
				45C525CB23C3A0C7002EE6D7 /* Debug */,
				45C525CC23C3A0C7002EE6D7 /* Release */,
			);
			defaultConfigurationIsVisible = 0;
			defaultConfigurationName = Release;
		};
/* End XCConfigurationList section */
	};
	rootObject = 45C5259223C3A0C3002EE6D7 /* Project object */;
}
